
Microsoft Visual Studio Solution File, Format Version 12.00
# Visual Studio Version 17
VisualStudioVersion = 17.0.31903.59
MinimumVisualStudioVersion = 10.0.40219.1
Project("{FAE04EC0-301F-11D3-BF4B-00C04F79EFBC}") = "WebEmployeeManagement", "WebEmployeeManagement\WebEmployeeManagement.csproj", "{C2EDA033-73B7-4D39-AFAA-59996B858E04}"
EndProject
Project("{FAE04EC0-301F-11D3-BF4B-00C04F79EFBC}") = "WebEmployeeManagement.Test", "WebEmployeeManagement.Test\WebEmployeeManagement.Test.csproj", "{DA8A698E-A613-4411-A1BB-81D7FB9C4A14}"
EndProject
Global
	GlobalSection(SolutionConfigurationPlatforms) = preSolution
		Debug|Any CPU = Debug|Any CPU
		Release|Any CPU = Release|Any CPU
	EndGlobalSection
	GlobalSection(SolutionProperties) = preSolution
		HideSolutionNode = FALSE
	EndGlobalSection
	GlobalSection(ProjectConfigurationPlatforms) = postSolution
		{C2EDA033-73B7-4D39-AFAA-59996B858E04}.Debug|Any CPU.ActiveCfg = Debug|Any CPU
		{C2EDA033-73B7-4D39-AFAA-59996B858E04}.Debug|Any CPU.Build.0 = Debug|Any CPU
		{C2EDA033-73B7-4D39-AFAA-59996B858E04}.Release|Any CPU.ActiveCfg = Release|Any CPU
		{C2EDA033-73B7-4D39-AFAA-59996B858E04}.Release|Any CPU.Build.0 = Release|Any CPU
		{DA8A698E-A613-4411-A1BB-81D7FB9C4A14}.Debug|Any CPU.ActiveCfg = Debug|Any CPU
		{DA8A698E-A613-4411-A1BB-81D7FB9C4A14}.Debug|Any CPU.Build.0 = Debug|Any CPU
		{DA8A698E-A613-4411-A1BB-81D7FB9C4A14}.Release|Any CPU.ActiveCfg = Release|Any CPU
		{DA8A698E-A613-4411-A1BB-81D7FB9C4A14}.Release|Any CPU.Build.0 = Release|Any CPU
		{AB831298-7ED1-4513-82D0-A2C928CA8E9F}.Debug|Any CPU.ActiveCfg = Debug|Any CPU
		{AB831298-7ED1-4513-82D0-A2C928CA8E9F}.Debug|Any CPU.Build.0 = Debug|Any CPU
		{AB831298-7ED1-4513-82D0-A2C928CA8E9F}.Release|Any CPU.ActiveCfg = Release|Any CPU
		{AB831298-7ED1-4513-82D0-A2C928CA8E9F}.Release|Any CPU.Build.0 = Release|Any CPU
	EndGlobalSection
EndGlobal
